
Microsoft Visual Studio Solution File, Format Version 12.00
# Visual Studio 2013
VisualStudioVersion = 12.0.31101.0
MinimumVisualStudioVersion = 10.0.40219.1
Project("{FAE04EC0-301F-11D3-BF4B-00C04F79EFBC}") = "ModellMeister", "ModellMeister\ModellMeister.csproj", "{1E6407E2-E1DC-40ED-A202-5A9BA519D353}"
EndProject
Project("{FAE04EC0-301F-11D3-BF4B-00C04F79EFBC}") = "mbgi2cs", "mbgi2cs\mbgi2cs.csproj", "{C5EEB41D-DD47-4EE9-87DF-78F62203604D}"
EndProject
Project("{2150E333-8FDC-42A3-9474-1A3956D46DE8}") = "Libraries", "Libraries", "{D2C2071D-10E1-4B7E-BBB0-6570FECF5500}"
EndProject
Project("{2150E333-8FDC-42A3-9474-1A3956D46DE8}") = ".nuget", ".nuget", "{93A15C0C-BA8B-49F5-A5D6-4BB5D56F8734}"
	ProjectSection(SolutionItems) = preProject
		.nuget\NuGet.Config = .nuget\NuGet.Config
		.nuget\NuGet.exe = .nuget\NuGet.exe
		.nuget\NuGet.targets = .nuget\NuGet.targets
	EndProjectSection
EndProject
Project("{2150E333-8FDC-42A3-9474-1A3956D46DE8}") = "Tools", "Tools", "{B8C0C657-6FDF-4C25-AEBB-B276E743AB88}"
	ProjectSection(SolutionItems) = preProject
		post_build.ps1 = post_build.ps1
	EndProjectSection
EndProject
Project("{2150E333-8FDC-42A3-9474-1A3956D46DE8}") = "Tests", "Tests", "{73E6F42A-6655-49DF-929C-62798A962B66}"
EndProject
Project("{FAE04EC0-301F-11D3-BF4B-00C04F79EFBC}") = "ModellMeister.Tests", "ModellMeister.Tests\ModellMeister.Tests.csproj", "{CBE712E5-7C47-483B-9D41-69DDD885657D}"
EndProject
Project("{2150E333-8FDC-42A3-9474-1A3956D46DE8}") = "Examples", "Examples", "{C39F6691-9536-4810-B5B0-6D4E5E2CE4E8}"
	ProjectSection(SolutionItems) = preProject
		..\examples\build_examples.ps1 = ..\examples\build_examples.ps1
	EndProjectSection
EndProject
Project("{2150E333-8FDC-42A3-9474-1A3956D46DE8}") = "MBGI-Files", "MBGI-Files", "{D7EEC84E-8D99-4D36-B580-6E74F3F551AA}"
	ProjectSection(SolutionItems) = preProject
		..\examples\mbgi\autogenerationblock.mbgi = ..\examples\mbgi\autogenerationblock.mbgi
		..\examples\mbgi\compositeblock.mbgi = ..\examples\mbgi\compositeblock.mbgi
		..\examples\mbgi\defaultvalue.mbgi = ..\examples\mbgi\defaultvalue.mbgi
		..\examples\mbgi\fourblocks.mbgi = ..\examples\mbgi\fourblocks.mbgi
		..\examples\mbgi\onlytype.mbgi = ..\examples\mbgi\onlytype.mbgi
		..\examples\mbgi\twoblocks.mbgi = ..\examples\mbgi\twoblocks.mbgi
		..\examples\mbgi\twotypes.mbgi = ..\examples\mbgi\twotypes.mbgi
	EndProjectSection
EndProject
Project("{2150E333-8FDC-42A3-9474-1A3956D46DE8}") = "CS-Files", "CS-Files", "{19A1CD52-792E-4E26-A88E-5CB7B38C36FE}"
	ProjectSection(SolutionItems) = preProject
		..\examples\cs\autogenerationblock.cs = ..\examples\cs\autogenerationblock.cs
		..\examples\cs\compositeblock.cs = ..\examples\cs\compositeblock.cs
		..\examples\cs\defaultvalue.cs = ..\examples\cs\defaultvalue.cs
		..\examples\cs\fourblocks.cs = ..\examples\cs\fourblocks.cs
		..\examples\cs\Implementation.cs = ..\examples\cs\Implementation.cs
		..\examples\cs\Implementation_AutoGeneration.cs = ..\examples\cs\Implementation_AutoGeneration.cs
		..\examples\cs\onlytype.cs = ..\examples\cs\onlytype.cs
		..\examples\cs\twoblocks.cs = ..\examples\cs\twoblocks.cs
		..\examples\cs\twotypes.cs = ..\examples\cs\twotypes.cs
	EndProjectSection
EndProject
Project("{FAE04EC0-301F-11D3-BF4B-00C04F79EFBC}") = "mbsim", "mbsim\mbsim.csproj", "{C02B41E5-0A7C-48B9-B828-DD06D39D0BB9}"
EndProject
Project("{FAE04EC0-301F-11D3-BF4B-00C04F79EFBC}") = "ModellMeister.Runtime", "ModellMeister.Runtime\ModellMeister.Runtime.csproj", "{C3425E68-9814-4CEF-9060-D53FEB953919}"
EndProject
Global
	GlobalSection(SolutionConfigurationPlatforms) = preSolution
		Debug|Any CPU = Debug|Any CPU
		Release|Any CPU = Release|Any CPU
	EndGlobalSection
	GlobalSection(ProjectConfigurationPlatforms) = postSolution
		{1E6407E2-E1DC-40ED-A202-5A9BA519D353}.Debug|Any CPU.ActiveCfg = Debug|Any CPU
		{1E6407E2-E1DC-40ED-A202-5A9BA519D353}.Debug|Any CPU.Build.0 = Debug|Any CPU
		{1E6407E2-E1DC-40ED-A202-5A9BA519D353}.Release|Any CPU.ActiveCfg = Release|Any CPU
		{1E6407E2-E1DC-40ED-A202-5A9BA519D353}.Release|Any CPU.Build.0 = Release|Any CPU
		{C5EEB41D-DD47-4EE9-87DF-78F62203604D}.Debug|Any CPU.ActiveCfg = Debug|Any CPU
		{C5EEB41D-DD47-4EE9-87DF-78F62203604D}.Debug|Any CPU.Build.0 = Debug|Any CPU
		{C5EEB41D-DD47-4EE9-87DF-78F62203604D}.Release|Any CPU.ActiveCfg = Release|Any CPU
		{C5EEB41D-DD47-4EE9-87DF-78F62203604D}.Release|Any CPU.Build.0 = Release|Any CPU
		{CBE712E5-7C47-483B-9D41-69DDD885657D}.Debug|Any CPU.ActiveCfg = Debug|Any CPU
		{CBE712E5-7C47-483B-9D41-69DDD885657D}.Debug|Any CPU.Build.0 = Debug|Any CPU
		{CBE712E5-7C47-483B-9D41-69DDD885657D}.Release|Any CPU.ActiveCfg = Release|Any CPU
		{CBE712E5-7C47-483B-9D41-69DDD885657D}.Release|Any CPU.Build.0 = Release|Any CPU
		{C02B41E5-0A7C-48B9-B828-DD06D39D0BB9}.Debug|Any CPU.ActiveCfg = Debug|Any CPU
		{C02B41E5-0A7C-48B9-B828-DD06D39D0BB9}.Debug|Any CPU.Build.0 = Debug|Any CPU
		{C02B41E5-0A7C-48B9-B828-DD06D39D0BB9}.Release|Any CPU.ActiveCfg = Release|Any CPU
		{C02B41E5-0A7C-48B9-B828-DD06D39D0BB9}.Release|Any CPU.Build.0 = Release|Any CPU
		{C3425E68-9814-4CEF-9060-D53FEB953919}.Debug|Any CPU.ActiveCfg = Debug|Any CPU
		{C3425E68-9814-4CEF-9060-D53FEB953919}.Debug|Any CPU.Build.0 = Debug|Any CPU
		{C3425E68-9814-4CEF-9060-D53FEB953919}.Release|Any CPU.ActiveCfg = Release|Any CPU
		{C3425E68-9814-4CEF-9060-D53FEB953919}.Release|Any CPU.Build.0 = Release|Any CPU
	EndGlobalSection
	GlobalSection(SolutionProperties) = preSolution
		HideSolutionNode = FALSE
	EndGlobalSection
	GlobalSection(NestedProjects) = preSolution
		{1E6407E2-E1DC-40ED-A202-5A9BA519D353} = {D2C2071D-10E1-4B7E-BBB0-6570FECF5500}
		{C5EEB41D-DD47-4EE9-87DF-78F62203604D} = {B8C0C657-6FDF-4C25-AEBB-B276E743AB88}
		{CBE712E5-7C47-483B-9D41-69DDD885657D} = {73E6F42A-6655-49DF-929C-62798A962B66}
		{D7EEC84E-8D99-4D36-B580-6E74F3F551AA} = {C39F6691-9536-4810-B5B0-6D4E5E2CE4E8}
		{19A1CD52-792E-4E26-A88E-5CB7B38C36FE} = {C39F6691-9536-4810-B5B0-6D4E5E2CE4E8}
		{C02B41E5-0A7C-48B9-B828-DD06D39D0BB9} = {B8C0C657-6FDF-4C25-AEBB-B276E743AB88}
		{C3425E68-9814-4CEF-9060-D53FEB953919} = {D2C2071D-10E1-4B7E-BBB0-6570FECF5500}
	EndGlobalSection
EndGlobal
